PODS:
  - GPUImage (0.1.7)
  - VideoEditorSDK (0.1.0)

DEPENDENCIES:
  - GPUImage
  - VideoEditorSDK (from `../`)

SPEC REPOS:
  https://github.com/cocoapods/specs.git:
    - GPUImage

EXTERNAL SOURCES:
  VideoEditorSDK:
    :path: "../"

SPEC CHECKSUMS:
  GPUImage: 733a5f0fab92df9de1c37ba9df520a833ccb406d
  VideoEditorSDK: cdfd2de71027cb43a024d74885996f1ab5feb6bb

PODFILE CHECKSUM: c83ccc7c3a4bbb5e57ef0336607e128babf41f59

COCOAPODS: 1.5.3
